
Microsoft Visual Studio Solution File, Format Version 12.00
# Visual Studio 15
VisualStudioVersion = 15.0.25807.0
MinimumVisualStudioVersion = 10.0.40219.1
Project("{2150E333-8FDC-42A3-9474-1A3956D46DE8}") = "Engine", "Engine", "{408BFDF1-8E7D-4909-A7F5-5CD7E7DED09F}"
EndProject
Project("{2150E333-8FDC-42A3-9474-1A3956D46DE8}") = "Games", "Games", "{1E3DA644-049C-4960-B9FC-A79FDD77B121}"
EndProject
Project("{8BC9CEB8-8B4A-11D0-8D11-00A0C91BC942}") = "UE4", "Intermediate\ProjectFiles\UE4.vcxproj", "{E7E98501-3002-48FC-9D75-EB2AE52E4875}"
EndProject
Project("{8BC9CEB8-8B4A-11D0-8D11-00A0C91BC942}") = "db", "Intermediate\ProjectFiles\db.vcxproj", "{4A6430F0-C6DA-4CBA-B4C2-27F506BA2BD9}"
EndProject
Global
	GlobalSection(SolutionConfigurationPlatforms) = preSolution
		DebugGame Editor|Android = DebugGame Editor|Android
		DebugGame Editor|HTML5 = DebugGame Editor|HTML5
		DebugGame Editor|IOS = DebugGame Editor|IOS
		DebugGame Editor|Win32 = DebugGame Editor|Win32
		DebugGame Editor|Win64 = DebugGame Editor|Win64
		DebugGame|Android = DebugGame|Android
		DebugGame|HTML5 = DebugGame|HTML5
		DebugGame|IOS = DebugGame|IOS
		DebugGame|Win32 = DebugGame|Win32
		DebugGame|Win64 = DebugGame|Win64
		Development Editor|Android = Development Editor|Android
		Development Editor|HTML5 = Development Editor|HTML5
		Development Editor|IOS = Development Editor|IOS
		Development Editor|Win32 = Development Editor|Win32
		Development Editor|Win64 = Development Editor|Win64
		Development|Android = Development|Android
		Development|HTML5 = Development|HTML5
		Development|IOS = Development|IOS
		Development|Win32 = Development|Win32
		Development|Win64 = Development|Win64
		Shipping|Android = Shipping|Android
		Shipping|HTML5 = Shipping|HTML5
		Shipping|IOS = Shipping|IOS
		Shipping|Win32 = Shipping|Win32
		Shipping|Win64 = Shipping|Win64
	EndGlobalSection
	GlobalSection(ProjectConfigurationPlatforms) = postSolution
		{E7E98501-3002-48FC-9D75-EB2AE52E4875}.DebugGame Editor|Android.ActiveCfg = BuiltWithUnrealBuildTool|Win32
		{E7E98501-3002-48FC-9D75-EB2AE52E4875}.DebugGame Editor|Android.Build.0 = BuiltWithUnrealBuildTool|Win32
		{E7E98501-3002-48FC-9D75-EB2AE52E4875}.DebugGame Editor|HTML5.ActiveCfg = BuiltWithUnrealBuildTool|Win32
		{E7E98501-3002-48FC-9D75-EB2AE52E4875}.DebugGame Editor|HTML5.Build.0 = BuiltWithUnrealBuildTool|Win32
		{E7E98501-3002-48FC-9D75-EB2AE52E4875}.DebugGame Editor|IOS.ActiveCfg = BuiltWithUnrealBuildTool|Win32
		{E7E98501-3002-48FC-9D75-EB2AE52E4875}.DebugGame Editor|IOS.Build.0 = BuiltWithUnrealBuildTool|Win32
		{E7E98501-3002-48FC-9D75-EB2AE52E4875}.DebugGame Editor|Win32.ActiveCfg = BuiltWithUnrealBuildTool|Win32
		{E7E98501-3002-48FC-9D75-EB2AE52E4875}.DebugGame Editor|Win32.Build.0 = BuiltWithUnrealBuildTool|Win32
		{E7E98501-3002-48FC-9D75-EB2AE52E4875}.DebugGame Editor|Win64.ActiveCfg = BuiltWithUnrealBuildTool|Win32
		{E7E98501-3002-48FC-9D75-EB2AE52E4875}.DebugGame Editor|Win64.Build.0 = BuiltWithUnrealBuildTool|Win32
		{E7E98501-3002-48FC-9D75-EB2AE52E4875}.DebugGame|Android.ActiveCfg = BuiltWithUnrealBuildTool|Win32
		{E7E98501-3002-48FC-9D75-EB2AE52E4875}.DebugGame|Android.Build.0 = BuiltWithUnrealBuildTool|Win32
		{E7E98501-3002-48FC-9D75-EB2AE52E4875}.DebugGame|HTML5.ActiveCfg = BuiltWithUnrealBuildTool|Win32
		{E7E98501-3002-48FC-9D75-EB2AE52E4875}.DebugGame|HTML5.Build.0 = BuiltWithUnrealBuildTool|Win32
		{E7E98501-3002-48FC-9D75-EB2AE52E4875}.DebugGame|IOS.ActiveCfg = BuiltWithUnrealBuildTool|Win32
		{E7E98501-3002-48FC-9D75-EB2AE52E4875}.DebugGame|IOS.Build.0 = BuiltWithUnrealBuildTool|Win32
		{E7E98501-3002-48FC-9D75-EB2AE52E4875}.DebugGame|Win32.ActiveCfg = BuiltWithUnrealBuildTool|Win32
		{E7E98501-3002-48FC-9D75-EB2AE52E4875}.DebugGame|Win32.Build.0 = BuiltWithUnrealBuildTool|Win32
		{E7E98501-3002-48FC-9D75-EB2AE52E4875}.DebugGame|Win64.ActiveCfg = BuiltWithUnrealBuildTool|Win32
		{E7E98501-3002-48FC-9D75-EB2AE52E4875}.DebugGame|Win64.Build.0 = BuiltWithUnrealBuildTool|Win32
		{E7E98501-3002-48FC-9D75-EB2AE52E4875}.Development Editor|Android.ActiveCfg = BuiltWithUnrealBuildTool|Win32
		{E7E98501-3002-48FC-9D75-EB2AE52E4875}.Development Editor|Android.Build.0 = BuiltWithUnrealBuildTool|Win32
		{E7E98501-3002-48FC-9D75-EB2AE52E4875}.Development Editor|HTML5.ActiveCfg = BuiltWithUnrealBuildTool|Win32
		{E7E98501-3002-48FC-9D75-EB2AE52E4875}.Development Editor|HTML5.Build.0 = BuiltWithUnrealBuildTool|Win32
		{E7E98501-3002-48FC-9D75-EB2AE52E4875}.Development Editor|IOS.ActiveCfg = BuiltWithUnrealBuildTool|Win32
		{E7E98501-3002-48FC-9D75-EB2AE52E4875}.Development Editor|IOS.Build.0 = BuiltWithUnrealBuildTool|Win32
		{E7E98501-3002-48FC-9D75-EB2AE52E4875}.Development Editor|Win32.ActiveCfg = BuiltWithUnrealBuildTool|Win32
		{E7E98501-3002-48FC-9D75-EB2AE52E4875}.Development Editor|Win32.Build.0 = BuiltWithUnrealBuildTool|Win32
		{E7E98501-3002-48FC-9D75-EB2AE52E4875}.Development Editor|Win64.ActiveCfg = BuiltWithUnrealBuildTool|Win32
		{E7E98501-3002-48FC-9D75-EB2AE52E4875}.Development Editor|Win64.Build.0 = BuiltWithUnrealBuildTool|Win32
		{E7E98501-3002-48FC-9D75-EB2AE52E4875}.Development|Android.ActiveCfg = BuiltWithUnrealBuildTool|Win32
		{E7E98501-3002-48FC-9D75-EB2AE52E4875}.Development|Android.Build.0 = BuiltWithUnrealBuildTool|Win32
		{E7E98501-3002-48FC-9D75-EB2AE52E4875}.Development|HTML5.ActiveCfg = BuiltWithUnrealBuildTool|Win32
		{E7E98501-3002-48FC-9D75-EB2AE52E4875}.Development|HTML5.Build.0 = BuiltWithUnrealBuildTool|Win32
		{E7E98501-3002-48FC-9D75-EB2AE52E4875}.Development|IOS.ActiveCfg = BuiltWithUnrealBuildTool|Win32
		{E7E98501-3002-48FC-9D75-EB2AE52E4875}.Development|IOS.Build.0 = BuiltWithUnrealBuildTool|Win32
		{E7E98501-3002-48FC-9D75-EB2AE52E4875}.Development|Win32.ActiveCfg = BuiltWithUnrealBuildTool|Win32
		{E7E98501-3002-48FC-9D75-EB2AE52E4875}.Development|Win32.Build.0 = BuiltWithUnrealBuildTool|Win32
		{E7E98501-3002-48FC-9D75-EB2AE52E4875}.Development|Win64.ActiveCfg = BuiltWithUnrealBuildTool|Win32
		{E7E98501-3002-48FC-9D75-EB2AE52E4875}.Development|Win64.Build.0 = BuiltWithUnrealBuildTool|Win32
		{E7E98501-3002-48FC-9D75-EB2AE52E4875}.Shipping|Android.ActiveCfg = BuiltWithUnrealBuildTool|Win32
		{E7E98501-3002-48FC-9D75-EB2AE52E4875}.Shipping|Android.Build.0 = BuiltWithUnrealBuildTool|Win32
		{E7E98501-3002-48FC-9D75-EB2AE52E4875}.Shipping|HTML5.ActiveCfg = BuiltWithUnrealBuildTool|Win32
		{E7E98501-3002-48FC-9D75-EB2AE52E4875}.Shipping|HTML5.Build.0 = BuiltWithUnrealBuildTool|Win32
		{E7E98501-3002-48FC-9D75-EB2AE52E4875}.Shipping|IOS.ActiveCfg = BuiltWithUnrealBuildTool|Win32
		{E7E98501-3002-48FC-9D75-EB2AE52E4875}.Shipping|IOS.Build.0 = BuiltWithUnrealBuildTool|Win32
		{E7E98501-3002-48FC-9D75-EB2AE52E4875}.Shipping|Win32.ActiveCfg = BuiltWithUnrealBuildTool|Win32
		{E7E98501-3002-48FC-9D75-EB2AE52E4875}.Shipping|Win32.Build.0 = BuiltWithUnrealBuildTool|Win32
		{E7E98501-3002-48FC-9D75-EB2AE52E4875}.Shipping|Win64.ActiveCfg = BuiltWithUnrealBuildTool|Win32
		{E7E98501-3002-48FC-9D75-EB2AE52E4875}.Shipping|Win64.Build.0 = BuiltWithUnrealBuildTool|Win32
		{4A6430F0-C6DA-4CBA-B4C2-27F506BA2BD9}.DebugGame Editor|Android.ActiveCfg = Android_DebugGame_Editor|Win32
		{4A6430F0-C6DA-4CBA-B4C2-27F506BA2BD9}.DebugGame Editor|HTML5.ActiveCfg = HTML5_DebugGame_Editor|Win32
		{4A6430F0-C6DA-4CBA-B4C2-27F506BA2BD9}.DebugGame Editor|IOS.ActiveCfg = IOS_DebugGame_Editor|Win32
		{4A6430F0-C6DA-4CBA-B4C2-27F506BA2BD9}.DebugGame Editor|Win32.ActiveCfg = DebugGame_Editor|Win32
		{4A6430F0-C6DA-4CBA-B4C2-27F506BA2BD9}.DebugGame Editor|Win64.ActiveCfg = DebugGame_Editor|x64
		{4A6430F0-C6DA-4CBA-B4C2-27F506BA2BD9}.DebugGame Editor|Win64.Build.0 = DebugGame_Editor|x64
		{4A6430F0-C6DA-4CBA-B4C2-27F506BA2BD9}.DebugGame|Android.ActiveCfg = Android_DebugGame_Game|Win32
		{4A6430F0-C6DA-4CBA-B4C2-27F506BA2BD9}.DebugGame|Android.Build.0 = Android_DebugGame_Game|Win32
		{4A6430F0-C6DA-4CBA-B4C2-27F506BA2BD9}.DebugGame|HTML5.ActiveCfg = HTML5_DebugGame_Game|Win32
		{4A6430F0-C6DA-4CBA-B4C2-27F506BA2BD9}.DebugGame|HTML5.Build.0 = HTML5_DebugGame_Game|Win32
		{4A6430F0-C6DA-4CBA-B4C2-27F506BA2BD9}.DebugGame|IOS.ActiveCfg = IOS_DebugGame_Game|Win32
		{4A6430F0-C6DA-4CBA-B4C2-27F506BA2BD9}.DebugGame|IOS.Build.0 = IOS_DebugGame_Game|Win32
		{4A6430F0-C6DA-4CBA-B4C2-27F506BA2BD9}.DebugGame|Win32.ActiveCfg = DebugGame_Game|Win32
		{4A6430F0-C6DA-4CBA-B4C2-27F506BA2BD9}.DebugGame|Win32.Build.0 = DebugGame_Game|Win32
		{4A6430F0-C6DA-4CBA-B4C2-27F506BA2BD9}.DebugGame|Win64.ActiveCfg = DebugGame_Game|x64
		{4A6430F0-C6DA-4CBA-B4C2-27F506BA2BD9}.DebugGame|Win64.Build.0 = DebugGame_Game|x64
		{4A6430F0-C6DA-4CBA-B4C2-27F506BA2BD9}.Development Editor|Android.ActiveCfg = Android_Development_Editor|Win32
		{4A6430F0-C6DA-4CBA-B4C2-27F506BA2BD9}.Development Editor|HTML5.ActiveCfg = HTML5_Development_Editor|Win32
		{4A6430F0-C6DA-4CBA-B4C2-27F506BA2BD9}.Development Editor|IOS.ActiveCfg = IOS_Development_Editor|Win32
		{4A6430F0-C6DA-4CBA-B4C2-27F506BA2BD9}.Development Editor|Win32.ActiveCfg = Development_Editor|Win32
		{4A6430F0-C6DA-4CBA-B4C2-27F506BA2BD9}.Development Editor|Win64.ActiveCfg = Development_Editor|x64
		{4A6430F0-C6DA-4CBA-B4C2-27F506BA2BD9}.Development Editor|Win64.Build.0 = Development_Editor|x64
		{4A6430F0-C6DA-4CBA-B4C2-27F506BA2BD9}.Development|Android.ActiveCfg = Android_Development_Game|Win32
		{4A6430F0-C6DA-4CBA-B4C2-27F506BA2BD9}.Development|Android.Build.0 = Android_Development_Game|Win32
		{4A6430F0-C6DA-4CBA-B4C2-27F506BA2BD9}.Development|HTML5.ActiveCfg = HTML5_Development_Game|Win32
		{4A6430F0-C6DA-4CBA-B4C2-27F506BA2BD9}.Development|HTML5.Build.0 = HTML5_Development_Game|Win32
		{4A6430F0-C6DA-4CBA-B4C2-27F506BA2BD9}.Development|IOS.ActiveCfg = IOS_Development_Game|Win32
		{4A6430F0-C6DA-4CBA-B4C2-27F506BA2BD9}.Development|IOS.Build.0 = IOS_Development_Game|Win32
		{4A6430F0-C6DA-4CBA-B4C2-27F506BA2BD9}.Development|Win32.ActiveCfg = Development_Game|Win32
		{4A6430F0-C6DA-4CBA-B4C2-27F506BA2BD9}.Development|Win32.Build.0 = Development_Game|Win32
		{4A6430F0-C6DA-4CBA-B4C2-27F506BA2BD9}.Development|Win64.ActiveCfg = Development_Game|x64
		{4A6430F0-C6DA-4CBA-B4C2-27F506BA2BD9}.Development|Win64.Build.0 = Development_Game|x64
		{4A6430F0-C6DA-4CBA-B4C2-27F506BA2BD9}.Shipping|Android.ActiveCfg = Android_Shipping_Game|Win32
		{4A6430F0-C6DA-4CBA-B4C2-27F506BA2BD9}.Shipping|Android.Build.0 = Android_Shipping_Game|Win32
		{4A6430F0-C6DA-4CBA-B4C2-27F506BA2BD9}.Shipping|HTML5.ActiveCfg = HTML5_Shipping_Game|Win32
		{4A6430F0-C6DA-4CBA-B4C2-27F506BA2BD9}.Shipping|HTML5.Build.0 = HTML5_Shipping_Game|Win32
		{4A6430F0-C6DA-4CBA-B4C2-27F506BA2BD9}.Shipping|IOS.ActiveCfg = IOS_Shipping_Game|Win32
		{4A6430F0-C6DA-4CBA-B4C2-27F506BA2BD9}.Shipping|IOS.Build.0 = IOS_Shipping_Game|Win32
		{4A6430F0-C6DA-4CBA-B4C2-27F506BA2BD9}.Shipping|Win32.ActiveCfg = Shipping_Game|Win32
		{4A6430F0-C6DA-4CBA-B4C2-27F506BA2BD9}.Shipping|Win32.Build.0 = Shipping_Game|Win32
		{4A6430F0-C6DA-4CBA-B4C2-27F506BA2BD9}.Shipping|Win64.ActiveCfg = Shipping_Game|x64
		{4A6430F0-C6DA-4CBA-B4C2-27F506BA2BD9}.Shipping|Win64.Build.0 = Shipping_Game|x64
	EndGlobalSection
	GlobalSection(SolutionProperties) = preSolution
		HideSolutionNode = FALSE
	EndGlobalSection
	GlobalSection(NestedProjects) = preSolution
		{E7E98501-3002-48FC-9D75-EB2AE52E4875} = {408BFDF1-8E7D-4909-A7F5-5CD7E7DED09F}
		{4A6430F0-C6DA-4CBA-B4C2-27F506BA2BD9} = {1E3DA644-049C-4960-B9FC-A79FDD77B121}
	EndGlobalSection
	GlobalSection(ExtensibilityGlobals) = postSolution
		SolutionGuid = {F01FECBE-FA04-4823-A21E-232DE5AD6C2D}
	EndGlobalSection
EndGlobal
