
Microsoft Visual Studio Solution File, Format Version 12.00
# Visual Studio 15
VisualStudioVersion = 15.0.25807.0
MinimumVisualStudioVersion = 10.0.40219.1
Project("{2150E333-8FDC-42A3-9474-1A3956D46DE8}") = "Engine", "Engine", "{73AA7D95-615D-4075-87C3-B21432265F07}"
EndProject
Project("{2150E333-8FDC-42A3-9474-1A3956D46DE8}") = "Games", "Games", "{67A4CCEE-7D65-4844-91F0-6A555E362124}"
EndProject
Project("{8BC9CEB8-8B4A-11D0-8D11-00A0C91BC942}") = "UE4", "Intermediate\ProjectFiles\UE4.vcxproj", "{9519214A-1EB7-452E-B75F-12A83B488516}"
EndProject
Project("{8BC9CEB8-8B4A-11D0-8D11-00A0C91BC942}") = "db", "Intermediate\ProjectFiles\db.vcxproj", "{77B54444-0816-4268-B628-74607E2511B4}"
EndProject
Global
	GlobalSection(SolutionConfigurationPlatforms) = preSolution
		DebugGame Editor|Android = DebugGame Editor|Android
		DebugGame Editor|HTML5 = DebugGame Editor|HTML5
		DebugGame Editor|Win32 = DebugGame Editor|Win32
		DebugGame Editor|Win64 = DebugGame Editor|Win64
		DebugGame|Android = DebugGame|Android
		DebugGame|HTML5 = DebugGame|HTML5
		DebugGame|Win32 = DebugGame|Win32
		DebugGame|Win64 = DebugGame|Win64
		Development Editor|Android = Development Editor|Android
		Development Editor|HTML5 = Development Editor|HTML5
		Development Editor|Win32 = Development Editor|Win32
		Development Editor|Win64 = Development Editor|Win64
		Development|Android = Development|Android
		Development|HTML5 = Development|HTML5
		Development|Win32 = Development|Win32
		Development|Win64 = Development|Win64
		Shipping|Android = Shipping|Android
		Shipping|HTML5 = Shipping|HTML5
		Shipping|Win32 = Shipping|Win32
		Shipping|Win64 = Shipping|Win64
	EndGlobalSection
	GlobalSection(ProjectConfigurationPlatforms) = postSolution
		{9519214A-1EB7-452E-B75F-12A83B488516}.DebugGame Editor|Android.ActiveCfg = BuiltWithUnrealBuildTool|Win32
		{9519214A-1EB7-452E-B75F-12A83B488516}.DebugGame Editor|Android.Build.0 = BuiltWithUnrealBuildTool|Win32
		{9519214A-1EB7-452E-B75F-12A83B488516}.DebugGame Editor|HTML5.ActiveCfg = BuiltWithUnrealBuildTool|Win32
		{9519214A-1EB7-452E-B75F-12A83B488516}.DebugGame Editor|HTML5.Build.0 = BuiltWithUnrealBuildTool|Win32
		{9519214A-1EB7-452E-B75F-12A83B488516}.DebugGame Editor|Win32.ActiveCfg = BuiltWithUnrealBuildTool|Win32
		{9519214A-1EB7-452E-B75F-12A83B488516}.DebugGame Editor|Win32.Build.0 = BuiltWithUnrealBuildTool|Win32
		{9519214A-1EB7-452E-B75F-12A83B488516}.DebugGame Editor|Win64.ActiveCfg = BuiltWithUnrealBuildTool|Win32
		{9519214A-1EB7-452E-B75F-12A83B488516}.DebugGame Editor|Win64.Build.0 = BuiltWithUnrealBuildTool|Win32
		{9519214A-1EB7-452E-B75F-12A83B488516}.DebugGame|Android.ActiveCfg = BuiltWithUnrealBuildTool|Win32
		{9519214A-1EB7-452E-B75F-12A83B488516}.DebugGame|Android.Build.0 = BuiltWithUnrealBuildTool|Win32
		{9519214A-1EB7-452E-B75F-12A83B488516}.DebugGame|HTML5.ActiveCfg = BuiltWithUnrealBuildTool|Win32
		{9519214A-1EB7-452E-B75F-12A83B488516}.DebugGame|HTML5.Build.0 = BuiltWithUnrealBuildTool|Win32
		{9519214A-1EB7-452E-B75F-12A83B488516}.DebugGame|Win32.ActiveCfg = BuiltWithUnrealBuildTool|Win32
		{9519214A-1EB7-452E-B75F-12A83B488516}.DebugGame|Win32.Build.0 = BuiltWithUnrealBuildTool|Win32
		{9519214A-1EB7-452E-B75F-12A83B488516}.DebugGame|Win64.ActiveCfg = BuiltWithUnrealBuildTool|Win32
		{9519214A-1EB7-452E-B75F-12A83B488516}.DebugGame|Win64.Build.0 = BuiltWithUnrealBuildTool|Win32
		{9519214A-1EB7-452E-B75F-12A83B488516}.Development Editor|Android.ActiveCfg = BuiltWithUnrealBuildTool|Win32
		{9519214A-1EB7-452E-B75F-12A83B488516}.Development Editor|Android.Build.0 = BuiltWithUnrealBuildTool|Win32
		{9519214A-1EB7-452E-B75F-12A83B488516}.Development Editor|HTML5.ActiveCfg = BuiltWithUnrealBuildTool|Win32
		{9519214A-1EB7-452E-B75F-12A83B488516}.Development Editor|HTML5.Build.0 = BuiltWithUnrealBuildTool|Win32
		{9519214A-1EB7-452E-B75F-12A83B488516}.Development Editor|Win32.ActiveCfg = BuiltWithUnrealBuildTool|Win32
		{9519214A-1EB7-452E-B75F-12A83B488516}.Development Editor|Win32.Build.0 = BuiltWithUnrealBuildTool|Win32
		{9519214A-1EB7-452E-B75F-12A83B488516}.Development Editor|Win64.ActiveCfg = BuiltWithUnrealBuildTool|Win32
		{9519214A-1EB7-452E-B75F-12A83B488516}.Development Editor|Win64.Build.0 = BuiltWithUnrealBuildTool|Win32
		{9519214A-1EB7-452E-B75F-12A83B488516}.Development|Android.ActiveCfg = BuiltWithUnrealBuildTool|Win32
		{9519214A-1EB7-452E-B75F-12A83B488516}.Development|Android.Build.0 = BuiltWithUnrealBuildTool|Win32
		{9519214A-1EB7-452E-B75F-12A83B488516}.Development|HTML5.ActiveCfg = BuiltWithUnrealBuildTool|Win32
		{9519214A-1EB7-452E-B75F-12A83B488516}.Development|HTML5.Build.0 = BuiltWithUnrealBuildTool|Win32
		{9519214A-1EB7-452E-B75F-12A83B488516}.Development|Win32.ActiveCfg = BuiltWithUnrealBuildTool|Win32
		{9519214A-1EB7-452E-B75F-12A83B488516}.Development|Win32.Build.0 = BuiltWithUnrealBuildTool|Win32
		{9519214A-1EB7-452E-B75F-12A83B488516}.Development|Win64.ActiveCfg = BuiltWithUnrealBuildTool|Win32
		{9519214A-1EB7-452E-B75F-12A83B488516}.Development|Win64.Build.0 = BuiltWithUnrealBuildTool|Win32
		{9519214A-1EB7-452E-B75F-12A83B488516}.Shipping|Android.ActiveCfg = BuiltWithUnrealBuildTool|Win32
		{9519214A-1EB7-452E-B75F-12A83B488516}.Shipping|Android.Build.0 = BuiltWithUnrealBuildTool|Win32
		{9519214A-1EB7-452E-B75F-12A83B488516}.Shipping|HTML5.ActiveCfg = BuiltWithUnrealBuildTool|Win32
		{9519214A-1EB7-452E-B75F-12A83B488516}.Shipping|HTML5.Build.0 = BuiltWithUnrealBuildTool|Win32
		{9519214A-1EB7-452E-B75F-12A83B488516}.Shipping|Win32.ActiveCfg = BuiltWithUnrealBuildTool|Win32
		{9519214A-1EB7-452E-B75F-12A83B488516}.Shipping|Win32.Build.0 = BuiltWithUnrealBuildTool|Win32
		{9519214A-1EB7-452E-B75F-12A83B488516}.Shipping|Win64.ActiveCfg = BuiltWithUnrealBuildTool|Win32
		{9519214A-1EB7-452E-B75F-12A83B488516}.Shipping|Win64.Build.0 = BuiltWithUnrealBuildTool|Win32
		{77B54444-0816-4268-B628-74607E2511B4}.DebugGame Editor|Android.ActiveCfg = Android_DebugGame_Editor|Win32
		{77B54444-0816-4268-B628-74607E2511B4}.DebugGame Editor|HTML5.ActiveCfg = HTML5_DebugGame_Editor|Win32
		{77B54444-0816-4268-B628-74607E2511B4}.DebugGame Editor|Win32.ActiveCfg = DebugGame_Editor|Win32
		{77B54444-0816-4268-B628-74607E2511B4}.DebugGame Editor|Win64.ActiveCfg = DebugGame_Editor|x64
		{77B54444-0816-4268-B628-74607E2511B4}.DebugGame Editor|Win64.Build.0 = DebugGame_Editor|x64
		{77B54444-0816-4268-B628-74607E2511B4}.DebugGame|Android.ActiveCfg = Android_DebugGame_Game|Win32
		{77B54444-0816-4268-B628-74607E2511B4}.DebugGame|Android.Build.0 = Android_DebugGame_Game|Win32
		{77B54444-0816-4268-B628-74607E2511B4}.DebugGame|HTML5.ActiveCfg = HTML5_DebugGame_Game|Win32
		{77B54444-0816-4268-B628-74607E2511B4}.DebugGame|HTML5.Build.0 = HTML5_DebugGame_Game|Win32
		{77B54444-0816-4268-B628-74607E2511B4}.DebugGame|Win32.ActiveCfg = DebugGame_Game|Win32
		{77B54444-0816-4268-B628-74607E2511B4}.DebugGame|Win32.Build.0 = DebugGame_Game|Win32
		{77B54444-0816-4268-B628-74607E2511B4}.DebugGame|Win64.ActiveCfg = DebugGame_Game|x64
		{77B54444-0816-4268-B628-74607E2511B4}.DebugGame|Win64.Build.0 = DebugGame_Game|x64
		{77B54444-0816-4268-B628-74607E2511B4}.Development Editor|Android.ActiveCfg = Android_Development_Editor|Win32
		{77B54444-0816-4268-B628-74607E2511B4}.Development Editor|HTML5.ActiveCfg = HTML5_Development_Editor|Win32
		{77B54444-0816-4268-B628-74607E2511B4}.Development Editor|Win32.ActiveCfg = Development_Editor|Win32
		{77B54444-0816-4268-B628-74607E2511B4}.Development Editor|Win64.ActiveCfg = Development_Editor|x64
		{77B54444-0816-4268-B628-74607E2511B4}.Development Editor|Win64.Build.0 = Development_Editor|x64
		{77B54444-0816-4268-B628-74607E2511B4}.Development|Android.ActiveCfg = Android_Development_Game|Win32
		{77B54444-0816-4268-B628-74607E2511B4}.Development|Android.Build.0 = Android_Development_Game|Win32
		{77B54444-0816-4268-B628-74607E2511B4}.Development|HTML5.ActiveCfg = HTML5_Development_Game|Win32
		{77B54444-0816-4268-B628-74607E2511B4}.Development|HTML5.Build.0 = HTML5_Development_Game|Win32
		{77B54444-0816-4268-B628-74607E2511B4}.Development|Win32.ActiveCfg = Development_Game|Win32
		{77B54444-0816-4268-B628-74607E2511B4}.Development|Win32.Build.0 = Development_Game|Win32
		{77B54444-0816-4268-B628-74607E2511B4}.Development|Win64.ActiveCfg = Development_Game|x64
		{77B54444-0816-4268-B628-74607E2511B4}.Development|Win64.Build.0 = Development_Game|x64
		{77B54444-0816-4268-B628-74607E2511B4}.Shipping|Android.ActiveCfg = Android_Shipping_Game|Win32
		{77B54444-0816-4268-B628-74607E2511B4}.Shipping|Android.Build.0 = Android_Shipping_Game|Win32
		{77B54444-0816-4268-B628-74607E2511B4}.Shipping|HTML5.ActiveCfg = HTML5_Shipping_Game|Win32
		{77B54444-0816-4268-B628-74607E2511B4}.Shipping|HTML5.Build.0 = HTML5_Shipping_Game|Win32
		{77B54444-0816-4268-B628-74607E2511B4}.Shipping|Win32.ActiveCfg = Shipping_Game|Win32
		{77B54444-0816-4268-B628-74607E2511B4}.Shipping|Win32.Build.0 = Shipping_Game|Win32
		{77B54444-0816-4268-B628-74607E2511B4}.Shipping|Win64.ActiveCfg = Shipping_Game|x64
		{77B54444-0816-4268-B628-74607E2511B4}.Shipping|Win64.Build.0 = Shipping_Game|x64
	EndGlobalSection
	GlobalSection(SolutionProperties) = preSolution
		HideSolutionNode = FALSE
	EndGlobalSection
	GlobalSection(NestedProjects) = preSolution
		{9519214A-1EB7-452E-B75F-12A83B488516} = {73AA7D95-615D-4075-87C3-B21432265F07}
		{77B54444-0816-4268-B628-74607E2511B4} = {67A4CCEE-7D65-4844-91F0-6A555E362124}
	EndGlobalSection
	GlobalSection(ExtensibilityGlobals) = postSolution
		SolutionGuid = {58001F2D-0713-4C96-9D7C-925C2302AE03}
	EndGlobalSection
EndGlobal
